// !$*UTF8*$!
{
	archiveVersion = 1;
	classes = {
	};
	objectVersion = 46;
	objects = {

/* Begin PBXBuildFile section */
		687A0E5F1A4A5B3A003D298F /* main.cpp in Sources */ = {isa = PBXBuildFile; fileRef = 687A0E5E1A4A5B3A003D298F /* main.cpp */; };
		687A0E6A1A4A5D44003D298F /* main.cpp in Sources */ = {isa = PBXBuildFile; fileRef = 687A0E691A4A5D44003D298F /* main.cpp */; };
		687A0E751A4A5E58003D298F /* main.cpp in Sources */ = {isa = PBXBuildFile; fileRef = 687A0E741A4A5E58003D298F /* main.cpp */; };
		687A0E8B1A4A613B003D298F /* main.cpp in Sources */ = {isa = PBXBuildFile; fileRef = 687A0E8A1A4A613B003D298F /* main.cpp */; };
		687A0E911A4A6197003D298F /* Computer.cpp in Sources */ = {isa = PBXBuildFile; fileRef = 687A0E8F1A4A6197003D298F /* Computer.cpp */; };
		687A0E991A4A625F003D298F /* main.cpp in Sources */ = {isa = PBXBuildFile; fileRef = 687A0E981A4A625F003D298F /* main.cpp */; };
		687A0EA41A4A641A003D298F /* main.cpp in Sources */ = {isa = PBXBuildFile; fileRef = 687A0EA31A4A641A003D298F /* main.cpp */; };
		687A0EAF1A4A6E6C003D298F /* main.cpp in Sources */ = {isa = PBXBuildFile; fileRef = 687A0EAE1A4A6E6C003D298F /* main.cpp */; };
		687A0EBA1A4A762C003D298F /* main.cpp in Sources */ = {isa = PBXBuildFile; fileRef = 687A0EB91A4A762C003D298F /* main.cpp */; };
		687A0EC51A4A771E003D298F /* main.cpp in Sources */ = {isa = PBXBuildFile; fileRef = 687A0EC41A4A771E003D298F /* main.cpp */; };
		687A0ED01A4A7D7E003D298F /* main.cpp in Sources */ = {isa = PBXBuildFile; fileRef = 687A0ECF1A4A7D7E003D298F /* main.cpp */; };
		687A0EDB1A4A8F36003D298F /* main.cpp in Sources */ = {isa = PBXBuildFile; fileRef = 687A0EDA1A4A8F36003D298F /* main.cpp */; };
		687A0EE61A4A9054003D298F /* main.cpp in Sources */ = {isa = PBXBuildFile; fileRef = 687A0EE51A4A9054003D298F /* main.cpp */; };
		687A0EF11A4A971D003D298F /* main.cpp in Sources */ = {isa = PBXBuildFile; fileRef = 687A0EF01A4A971D003D298F /* main.cpp */; };
		687A0EFC1A4A986C003D298F /* main.cpp in Sources */ = {isa = PBXBuildFile; fileRef = 687A0EFB1A4A986C003D298F /* main.cpp */; };
		68AB82BA1A47C9EA00985D9D /* main.cpp in Sources */ = {isa = PBXBuildFile; fileRef = 68AB82B91A47C9EA00985D9D /* main.cpp */; };
		68E2197F1A4423DC009E83F1 /* main.cpp in Sources */ = {isa = PBXBuildFile; fileRef = 68E2197E1A4423DC009E83F1 /* main.cpp */; };
		68E2198A1A44278A009E83F1 /* main.cpp in Sources */ = {isa = PBXBuildFile; fileRef = 68E219891A44278A009E83F1 /* main.cpp */; };
		68E219951A44287B009E83F1 /* main.cpp in Sources */ = {isa = PBXBuildFile; fileRef = 68E219941A44287B009E83F1 /* main.cpp */; };
		68E219A01A442BF9009E83F1 /* main.cpp in Sources */ = {isa = PBXBuildFile; fileRef = 68E2199F1A442BF9009E83F1 /* main.cpp */; };
		68E219AB1A442E54009E83F1 /* main.cpp in Sources */ = {isa = PBXBuildFile; fileRef = 68E219AA1A442E54009E83F1 /* main.cpp */; };
		68E219B61A442F0A009E83F1 /* main.cpp in Sources */ = {isa = PBXBuildFile; fileRef = 68E219B51A442F0A009E83F1 /* main.cpp */; };
		68E219C11A442FF0009E83F1 /* main.cpp in Sources */ = {isa = PBXBuildFile; fileRef = 68E219C01A442FF0009E83F1 /* main.cpp */; };
		68EFD63F1A42B37400C52656 /* main.cpp in Sources */ = {isa = PBXBuildFile; fileRef = 68EFD63E1A42B37400C52656 /* main.cpp */; };
/* End PBXBuildFile section */

/* Begin PBXCopyFilesBuildPhase section */
		687A0E5A1A4A5B3A003D298F /* CopyFiles */ = {
			isa = PBXCopyFilesBuildPhase;
			buildActionMask = 2147483647;
			dstPath = /usr/share/man/man1/;
			dstSubfolderSpec = 0;
			files = (
			);
			runOnlyForDeploymentPostprocessing = 1;
		};
		687A0E651A4A5D44003D298F /* CopyFiles */ = {
			isa = PBXCopyFilesBuildPhase;
			buildActionMask = 2147483647;
			dstPath = /usr/share/man/man1/;
			dstSubfolderSpec = 0;
			files = (
			);
			runOnlyForDeploymentPostprocessing = 1;
		};
		687A0E701A4A5E58003D298F /* CopyFiles */ = {
			isa = PBXCopyFilesBuildPhase;
			buildActionMask = 2147483647;
			dstPath = /usr/share/man/man1/;
			dstSubfolderSpec = 0;
			files = (
			);
			runOnlyForDeploymentPostprocessing = 1;
		};
		687A0E861A4A613B003D298F /* CopyFiles */ = {
			isa = PBXCopyFilesBuildPhase;
			buildActionMask = 2147483647;
			dstPath = /usr/share/man/man1/;
			dstSubfolderSpec = 0;
			files = (
			);
			runOnlyForDeploymentPostprocessing = 1;
		};
		687A0E941A4A625F003D298F /* CopyFiles */ = {
			isa = PBXCopyFilesBuildPhase;
			buildActionMask = 2147483647;
			dstPath = /usr/share/man/man1/;
			dstSubfolderSpec = 0;
			files = (
			);
			runOnlyForDeploymentPostprocessing = 1;
		};
		687A0E9F1A4A641A003D298F /* CopyFiles */ = {
			isa = PBXCopyFilesBuildPhase;
			buildActionMask = 2147483647;
			dstPath = /usr/share/man/man1/;
			dstSubfolderSpec = 0;
			files = (
			);
			runOnlyForDeploymentPostprocessing = 1;
		};
		687A0EAA1A4A6E6C003D298F /* CopyFiles */ = {
			isa = PBXCopyFilesBuildPhase;
			buildActionMask = 2147483647;
			dstPath = /usr/share/man/man1/;
			dstSubfolderSpec = 0;
			files = (
			);
			runOnlyForDeploymentPostprocessing = 1;
		};
		687A0EB51A4A762C003D298F /* CopyFiles */ = {
			isa = PBXCopyFilesBuildPhase;
			buildActionMask = 2147483647;
			dstPath = /usr/share/man/man1/;
			dstSubfolderSpec = 0;
			files = (
			);
			runOnlyForDeploymentPostprocessing = 1;
		};
		687A0EC01A4A771E003D298F /* CopyFiles */ = {
			isa = PBXCopyFilesBuildPhase;
			buildActionMask = 2147483647;
			dstPath = /usr/share/man/man1/;
			dstSubfolderSpec = 0;
			files = (
			);
			runOnlyForDeploymentPostprocessing = 1;
		};
		687A0ECB1A4A7D7E003D298F /* CopyFiles */ = {
			isa = PBXCopyFilesBuildPhase;
			buildActionMask = 2147483647;
			dstPath = /usr/share/man/man1/;
			dstSubfolderSpec = 0;
			files = (
			);
			runOnlyForDeploymentPostprocessing = 1;
		};
		687A0ED61A4A8F36003D298F /* CopyFiles */ = {
			isa = PBXCopyFilesBuildPhase;
			buildActionMask = 2147483647;
			dstPath = /usr/share/man/man1/;
			dstSubfolderSpec = 0;
			files = (
			);
			runOnlyForDeploymentPostprocessing = 1;
		};
		687A0EE11A4A9054003D298F /* CopyFiles */ = {
			isa = PBXCopyFilesBuildPhase;
			buildActionMask = 2147483647;
			dstPath = /usr/share/man/man1/;
			dstSubfolderSpec = 0;
			files = (
			);
			runOnlyForDeploymentPostprocessing = 1;
		};
		687A0EEC1A4A971D003D298F /* CopyFiles */ = {
			isa = PBXCopyFilesBuildPhase;
			buildActionMask = 2147483647;
			dstPath = /usr/share/man/man1/;
			dstSubfolderSpec = 0;
			files = (
			);
			runOnlyForDeploymentPostprocessing = 1;
		};
		687A0EF71A4A986C003D298F /* CopyFiles */ = {
			isa = PBXCopyFilesBuildPhase;
			buildActionMask = 2147483647;
			dstPath = /usr/share/man/man1/;
			dstSubfolderSpec = 0;
			files = (
			);
			runOnlyForDeploymentPostprocessing = 1;
		};
		68AB82B51A47C9EA00985D9D /* CopyFiles */ = {
			isa = PBXCopyFilesBuildPhase;
			buildActionMask = 2147483647;
			dstPath = /usr/share/man/man1/;
			dstSubfolderSpec = 0;
			files = (
			);
			runOnlyForDeploymentPostprocessing = 1;
		};
		68E2197A1A4423DC009E83F1 /* CopyFiles */ = {
			isa = PBXCopyFilesBuildPhase;
			buildActionMask = 2147483647;
			dstPath = /usr/share/man/man1/;
			dstSubfolderSpec = 0;
			files = (
			);
			runOnlyForDeploymentPostprocessing = 1;
		};
		68E219851A44278A009E83F1 /* CopyFiles */ = {
			isa = PBXCopyFilesBuildPhase;
			buildActionMask = 2147483647;
			dstPath = /usr/share/man/man1/;
			dstSubfolderSpec = 0;
			files = (
			);
			runOnlyForDeploymentPostprocessing = 1;
		};
		68E219901A44287B009E83F1 /* CopyFiles */ = {
			isa = PBXCopyFilesBuildPhase;
			buildActionMask = 2147483647;
			dstPath = /usr/share/man/man1/;
			dstSubfolderSpec = 0;
			files = (
			);
			runOnlyForDeploymentPostprocessing = 1;
		};
		68E2199B1A442BF9009E83F1 /* CopyFiles */ = {
			isa = PBXCopyFilesBuildPhase;
			buildActionMask = 2147483647;
			dstPath = /usr/share/man/man1/;
			dstSubfolderSpec = 0;
			files = (
			);
			runOnlyForDeploymentPostprocessing = 1;
		};
		68E219A61A442E54009E83F1 /* CopyFiles */ = {
			isa = PBXCopyFilesBuildPhase;
			buildActionMask = 2147483647;
			dstPath = /usr/share/man/man1/;
			dstSubfolderSpec = 0;
			files = (
			);
			runOnlyForDeploymentPostprocessing = 1;
		};
		68E219B11A442F0A009E83F1 /* CopyFiles */ = {
			isa = PBXCopyFilesBuildPhase;
			buildActionMask = 2147483647;
			dstPath = /usr/share/man/man1/;
			dstSubfolderSpec = 0;
			files = (
			);
			runOnlyForDeploymentPostprocessing = 1;
		};
		68E219BC1A442FF0009E83F1 /* CopyFiles */ = {
			isa = PBXCopyFilesBuildPhase;
			buildActionMask = 2147483647;
			dstPath = /usr/share/man/man1/;
			dstSubfolderSpec = 0;
			files = (
			);
			runOnlyForDeploymentPostprocessing = 1;
		};
		68EFD6391A42B37400C52656 /* CopyFiles */ = {
			isa = PBXCopyFilesBuildPhase;
			buildActionMask = 2147483647;
			dstPath = /usr/share/man/man1/;
			dstSubfolderSpec = 0;
			files = (
			);
			runOnlyForDeploymentPostprocessing = 1;
		};
/* End PBXCopyFilesBuildPhase section */

/* Begin PBXFileReference section */
		687A0E5C1A4A5B3A003D298F /* FileIO */ = {isa = PBXFileReference; explicitFileType = "compiled.mach-o.executable"; includeInIndex = 0; path = FileIO; sourceTree = BUILT_PRODUCTS_DIR; };
		687A0E5E1A4A5B3A003D298F /* main.cpp */ = {isa = PBXFileReference; lastKnownFileType = sourcecode.cpp.cpp; path = main.cpp; sourceTree = "<group>"; };
		687A0E671A4A5D44003D298F /* Casting */ = {isa = PBXFileReference; explicitFileType = "compiled.mach-o.executable"; includeInIndex = 0; path = Casting; sourceTree = BUILT_PRODUCTS_DIR; };
		687A0E691A4A5D44003D298F /* main.cpp */ = {isa = PBXFileReference; lastKnownFileType = sourcecode.cpp.cpp; path = main.cpp; sourceTree = "<group>"; };
		687A0E721A4A5E58003D298F /* Classes */ = {isa = PBXFileReference; explicitFileType = "compiled.mach-o.executable"; includeInIndex = 0; path = Classes; sourceTree = BUILT_PRODUCTS_DIR; };
		687A0E741A4A5E58003D298F /* main.cpp */ = {isa = PBXFileReference; lastKnownFileType = sourcecode.cpp.cpp; path = main.cpp; sourceTree = "<group>"; };
		687A0E881A4A613B003D298F /* PartedClasses */ = {isa = PBXFileReference; explicitFileType = "compiled.mach-o.executable"; includeInIndex = 0; path = PartedClasses; sourceTree = BUILT_PRODUCTS_DIR; };
		687A0E8A1A4A613B003D298F /* main.cpp */ = {isa = PBXFileReference; lastKnownFileType = sourcecode.cpp.cpp; path = main.cpp; sourceTree = "<group>"; };
		687A0E8F1A4A6197003D298F /* Computer.cpp */ = {isa = PBXFileReference; fileEncoding = 4; lastKnownFileType = sourcecode.cpp.cpp; path = Computer.cpp; sourceTree = "<group>"; };
		687A0E901A4A6197003D298F /* Computer.h */ = {isa = PBXFileReference; fileEncoding = 4; lastKnownFileType = sourcecode.c.h; path = Computer.h; sourceTree = "<group>"; };
		687A0E961A4A625F003D298F /* InlineFunc */ = {isa = PBXFileReference; explicitFileType = "compiled.mach-o.executable"; includeInIndex = 0; path = InlineFunc; sourceTree = BUILT_PRODUCTS_DIR; };
		687A0E981A4A625F003D298F /* main.cpp */ = {isa = PBXFileReference; lastKnownFileType = sourcecode.cpp.cpp; path = main.cpp; sourceTree = "<group>"; };
		687A0EA11A4A641A003D298F /* Arguments */ = {isa = PBXFileReference; explicitFileType = "compiled.mach-o.executable"; includeInIndex = 0; path = Arguments; sourceTree = BUILT_PRODUCTS_DIR; };
		687A0EA31A4A641A003D298F /* main.cpp */ = {isa = PBXFileReference; lastKnownFileType = sourcecode.cpp.cpp; path = main.cpp; sourceTree = "<group>"; };
		687A0EAC1A4A6E6C003D298F /* List */ = {isa = PBXFileReference; explicitFileType = "compiled.mach-o.executable"; includeInIndex = 0; path = List; sourceTree = BUILT_PRODUCTS_DIR; };
		687A0EAE1A4A6E6C003D298F /* main.cpp */ = {isa = PBXFileReference; lastKnownFileType = sourcecode.cpp.cpp; path = main.cpp; sourceTree = "<group>"; };
		687A0EB71A4A762C003D298F /* VaList */ = {isa = PBXFileReference; explicitFileType = "compiled.mach-o.executable"; includeInIndex = 0; path = VaList; sourceTree = BUILT_PRODUCTS_DIR; };
		687A0EB91A4A762C003D298F /* main.cpp */ = {isa = PBXFileReference; lastKnownFileType = sourcecode.cpp.cpp; path = main.cpp; sourceTree = "<group>"; };
		687A0EC21A4A771E003D298F /* BTrees */ = {isa = PBXFileReference; explicitFileType = "compiled.mach-o.executable"; includeInIndex = 0; path = BTrees; sourceTree = BUILT_PRODUCTS_DIR; };
		687A0EC41A4A771E003D298F /* main.cpp */ = {isa = PBXFileReference; lastKnownFileType = sourcecode.cpp.cpp; path = main.cpp; sourceTree = "<group>"; };
		687A0ECD1A4A7D7E003D298F /* Inheritance */ = {isa = PBXFileReference; explicitFileType = "compiled.mach-o.executable"; includeInIndex = 0; path = Inheritance; sourceTree = BUILT_PRODUCTS_DIR; };
		687A0ECF1A4A7D7E003D298F /* main.cpp */ = {isa = PBXFileReference; lastKnownFileType = sourcecode.cpp.cpp; path = main.cpp; sourceTree = "<group>"; };
		687A0ED81A4A8F36003D298F /* InitLists */ = {isa = PBXFileReference; explicitFileType = "compiled.mach-o.executable"; includeInIndex = 0; path = InitLists; sourceTree = BUILT_PRODUCTS_DIR; };
		687A0EDA1A4A8F36003D298F /* main.cpp */ = {isa = PBXFileReference; lastKnownFileType = sourcecode.cpp.cpp; path = main.cpp; sourceTree = "<group>"; };
		687A0EE31A4A9054003D298F /* Templates */ = {isa = PBXFileReference; explicitFileType = "compiled.mach-o.executable"; includeInIndex = 0; path = Templates; sourceTree = BUILT_PRODUCTS_DIR; };
		687A0EE51A4A9054003D298F /* main.cpp */ = {isa = PBXFileReference; lastKnownFileType = sourcecode.cpp.cpp; path = main.cpp; sourceTree = "<group>"; };
		687A0EEE1A4A971D003D298F /* EnumType */ = {isa = PBXFileReference; explicitFileType = "compiled.mach-o.executable"; includeInIndex = 0; path = EnumType; sourceTree = BUILT_PRODUCTS_DIR; };
		687A0EF01A4A971D003D298F /* main.cpp */ = {isa = PBXFileReference; lastKnownFileType = sourcecode.cpp.cpp; path = main.cpp; sourceTree = "<group>"; };
		687A0EF91A4A986C003D298F /* Macros */ = {isa = PBXFileReference; explicitFileType = "compiled.mach-o.executable"; includeInIndex = 0; path = Macros; sourceTree = BUILT_PRODUCTS_DIR; };
		687A0EFB1A4A986C003D298F /* main.cpp */ = {isa = PBXFileReference; lastKnownFileType = sourcecode.cpp.cpp; path = main.cpp; sourceTree = "<group>"; };
		68AB82B71A47C9EA00985D9D /* CStrings */ = {isa = PBXFileReference; explicitFileType = "compiled.mach-o.executable"; includeInIndex = 0; path = CStrings; sourceTree = BUILT_PRODUCTS_DIR; };
		68AB82B91A47C9EA00985D9D /* main.cpp */ = {isa = PBXFileReference; lastKnownFileType = sourcecode.cpp.cpp; path = main.cpp; sourceTree = "<group>"; };
		68E2197C1A4423DC009E83F1 /* Variables */ = {isa = PBXFileReference; explicitFileType = "compiled.mach-o.executable"; includeInIndex = 0; path = Variables; sourceTree = BUILT_PRODUCTS_DIR; };
		68E2197E1A4423DC009E83F1 /* main.cpp */ = {isa = PBXFileReference; lastKnownFileType = sourcecode.cpp.cpp; path = main.cpp; sourceTree = "<group>"; };
		68E219871A44278A009E83F1 /* IfState */ = {isa = PBXFileReference; explicitFileType = "compiled.mach-o.executable"; includeInIndex = 0; path = IfState; sourceTree = BUILT_PRODUCTS_DIR; };
		68E219891A44278A009E83F1 /* main.cpp */ = {isa = PBXFileReference; lastKnownFileType = sourcecode.cpp.cpp; path = main.cpp; sourceTree = "<group>"; };
		68E219921A44287B009E83F1 /* Loops */ = {isa = PBXFileReference; explicitFileType = "compiled.mach-o.executable"; includeInIndex = 0; path = Loops; sourceTree = BUILT_PRODUCTS_DIR; };
		68E219941A44287B009E83F1 /* main.cpp */ = {isa = PBXFileReference; lastKnownFileType = sourcecode.cpp.cpp; path = main.cpp; sourceTree = "<group>"; };
		68E2199D1A442BF9009E83F1 /* Functions */ = {isa = PBXFileReference; explicitFileType = "compiled.mach-o.executable"; includeInIndex = 0; path = Functions; sourceTree = BUILT_PRODUCTS_DIR; };
		68E2199F1A442BF9009E83F1 /* main.cpp */ = {isa = PBXFileReference; lastKnownFileType = sourcecode.cpp.cpp; path = main.cpp; sourceTree = "<group>"; };
		68E219A81A442E54009E83F1 /* Pointer */ = {isa = PBXFileReference; explicitFileType = "compiled.mach-o.executable"; includeInIndex = 0; path = Pointer; sourceTree = BUILT_PRODUCTS_DIR; };
		68E219AA1A442E54009E83F1 /* main.cpp */ = {isa = PBXFileReference; lastKnownFileType = sourcecode.cpp.cpp; path = main.cpp; sourceTree = "<group>"; };
		68E219B31A442F0A009E83F1 /* Structure */ = {isa = PBXFileReference; explicitFileType = "compiled.mach-o.executable"; includeInIndex = 0; path = Structure; sourceTree = BUILT_PRODUCTS_DIR; };
		68E219B51A442F0A009E83F1 /* main.cpp */ = {isa = PBXFileReference; lastKnownFileType = sourcecode.cpp.cpp; path = main.cpp; sourceTree = "<group>"; };
		68E219BE1A442FF0009E83F1 /* Array */ = {isa = PBXFileReference; explicitFileType = "compiled.mach-o.executable"; includeInIndex = 0; path = Array; sourceTree = BUILT_PRODUCTS_DIR; };
		68E219C01A442FF0009E83F1 /* main.cpp */ = {isa = PBXFileReference; lastKnownFileType = sourcecode.cpp.cpp; path = main.cpp; sourceTree = "<group>"; };
		68EFD63B1A42B37400C52656 /* MLCppTutorial */ = {isa = PBXFileReference; explicitFileType = "compiled.mach-o.executable"; includeInIndex = 0; path = MLCppTutorial; sourceTree = BUILT_PRODUCTS_DIR; };
		68EFD63E1A42B37400C52656 /* main.cpp */ = {isa = PBXFileReference; lastKnownFileType = sourcecode.cpp.cpp; path = main.cpp; sourceTree = "<group>"; };
/* End PBXFileReference section */

/* Begin PBXFrameworksBuildPhase section */
		687A0E591A4A5B3A003D298F /* Frameworks */ = {
			isa = PBXFrameworksBuildPhase;
			buildActionMask = 2147483647;
			files = (
			);
			runOnlyForDeploymentPostprocessing = 0;
		};
		687A0E641A4A5D44003D298F /* Frameworks */ = {
			isa = PBXFrameworksBuildPhase;
			buildActionMask = 2147483647;
			files = (
			);
			runOnlyForDeploymentPostprocessing = 0;
		};
		687A0E6F1A4A5E58003D298F /* Frameworks */ = {
			isa = PBXFrameworksBuildPhase;
			buildActionMask = 2147483647;
			files = (
			);
			runOnlyForDeploymentPostprocessing = 0;
		};
		687A0E851A4A613B003D298F /* Frameworks */ = {
			isa = PBXFrameworksBuildPhase;
			buildActionMask = 2147483647;
			files = (
			);
			runOnlyForDeploymentPostprocessing = 0;
		};
		687A0E931A4A625F003D298F /* Frameworks */ = {
			isa = PBXFrameworksBuildPhase;
			buildActionMask = 2147483647;
			files = (
			);
			runOnlyForDeploymentPostprocessing = 0;
		};
		687A0E9E1A4A641A003D298F /* Frameworks */ = {
			isa = PBXFrameworksBuildPhase;
			buildActionMask = 2147483647;
			files = (
			);
			runOnlyForDeploymentPostprocessing = 0;
		};
		687A0EA91A4A6E6C003D298F /* Frameworks */ = {
			isa = PBXFrameworksBuildPhase;
			buildActionMask = 2147483647;
			files = (
			);
			runOnlyForDeploymentPostprocessing = 0;
		};
		687A0EB41A4A762C003D298F /* Frameworks */ = {
			isa = PBXFrameworksBuildPhase;
			buildActionMask = 2147483647;
			files = (
			);
			runOnlyForDeploymentPostprocessing = 0;
		};
		687A0EBF1A4A771E003D298F /* Frameworks */ = {
			isa = PBXFrameworksBuildPhase;
			buildActionMask = 2147483647;
			files = (
			);
			runOnlyForDeploymentPostprocessing = 0;
		};
		687A0ECA1A4A7D7E003D298F /* Frameworks */ = {
			isa = PBXFrameworksBuildPhase;
			buildActionMask = 2147483647;
			files = (
			);
			runOnlyForDeploymentPostprocessing = 0;
		};
		687A0ED51A4A8F36003D298F /* Frameworks */ = {
			isa = PBXFrameworksBuildPhase;
			buildActionMask = 2147483647;
			files = (
			);
			runOnlyForDeploymentPostprocessing = 0;
		};
		687A0EE01A4A9054003D298F /* Frameworks */ = {
			isa = PBXFrameworksBuildPhase;
			buildActionMask = 2147483647;
			files = (
			);
			runOnlyForDeploymentPostprocessing = 0;
		};
		687A0EEB1A4A971D003D298F /* Frameworks */ = {
			isa = PBXFrameworksBuildPhase;
			buildActionMask = 2147483647;
			files = (
			);
			runOnlyForDeploymentPostprocessing = 0;
		};
		687A0EF61A4A986C003D298F /* Frameworks */ = {
			isa = PBXFrameworksBuildPhase;
			buildActionMask = 2147483647;
			files = (
			);
			runOnlyForDeploymentPostprocessing = 0;
		};
		68AB82B41A47C9EA00985D9D /* Frameworks */ = {
			isa = PBXFrameworksBuildPhase;
			buildActionMask = 2147483647;
			files = (
			);
			runOnlyForDeploymentPostprocessing = 0;
		};
		68E219791A4423DC009E83F1 /* Frameworks */ = {
			isa = PBXFrameworksBuildPhase;
			buildActionMask = 2147483647;
			files = (
			);
			runOnlyForDeploymentPostprocessing = 0;
		};
		68E219841A44278A009E83F1 /* Frameworks */ = {
			isa = PBXFrameworksBuildPhase;
			buildActionMask = 2147483647;
			files = (
			);
			runOnlyForDeploymentPostprocessing = 0;
		};
		68E2198F1A44287B009E83F1 /* Frameworks */ = {
			isa = PBXFrameworksBuildPhase;
			buildActionMask = 2147483647;
			files = (
			);
			runOnlyForDeploymentPostprocessing = 0;
		};
		68E2199A1A442BF9009E83F1 /* Frameworks */ = {
			isa = PBXFrameworksBuildPhase;
			buildActionMask = 2147483647;
			files = (
			);
			runOnlyForDeploymentPostprocessing = 0;
		};
		68E219A51A442E54009E83F1 /* Frameworks */ = {
			isa = PBXFrameworksBuildPhase;
			buildActionMask = 2147483647;
			files = (
			);
			runOnlyForDeploymentPostprocessing = 0;
		};
		68E219B01A442F0A009E83F1 /* Frameworks */ = {
			isa = PBXFrameworksBuildPhase;
			buildActionMask = 2147483647;
			files = (
			);
			runOnlyForDeploymentPostprocessing = 0;
		};
		68E219BB1A442FF0009E83F1 /* Frameworks */ = {
			isa = PBXFrameworksBuildPhase;
			buildActionMask = 2147483647;
			files = (
			);
			runOnlyForDeploymentPostprocessing = 0;
		};
		68EFD6381A42B37400C52656 /* Frameworks */ = {
			isa = PBXFrameworksBuildPhase;
			buildActionMask = 2147483647;
			files = (
			);
			runOnlyForDeploymentPostprocessing = 0;
		};
/* End PBXFrameworksBuildPhase section */

/* Begin PBXGroup section */
		687A0E5D1A4A5B3A003D298F /* FileIO */ = {
			isa = PBXGroup;
			children = (
				687A0E5E1A4A5B3A003D298F /* main.cpp */,
			);
			path = FileIO;
			sourceTree = "<group>";
		};
		687A0E681A4A5D44003D298F /* Casting */ = {
			isa = PBXGroup;
			children = (
				687A0E691A4A5D44003D298F /* main.cpp */,
			);
			path = Casting;
			sourceTree = "<group>";
		};
		687A0E731A4A5E58003D298F /* Classes */ = {
			isa = PBXGroup;
			children = (
				687A0E741A4A5E58003D298F /* main.cpp */,
			);
			path = Classes;
			sourceTree = "<group>";
		};
		687A0E891A4A613B003D298F /* PartedClasses */ = {
			isa = PBXGroup;
			children = (
				687A0E901A4A6197003D298F /* Computer.h */,
				687A0E8F1A4A6197003D298F /* Computer.cpp */,
				687A0E8A1A4A613B003D298F /* main.cpp */,
			);
			path = PartedClasses;
			sourceTree = "<group>";
		};
		687A0E971A4A625F003D298F /* InlineFunc */ = {
			isa = PBXGroup;
			children = (
				687A0E981A4A625F003D298F /* main.cpp */,
			);
			path = InlineFunc;
			sourceTree = "<group>";
		};
		687A0EA21A4A641A003D298F /* Arguments */ = {
			isa = PBXGroup;
			children = (
				687A0EA31A4A641A003D298F /* main.cpp */,
			);
			path = Arguments;
			sourceTree = "<group>";
		};
		687A0EAD1A4A6E6C003D298F /* List */ = {
			isa = PBXGroup;
			children = (
				687A0EAE1A4A6E6C003D298F /* main.cpp */,
			);
			path = List;
			sourceTree = "<group>";
		};
		687A0EB81A4A762C003D298F /* VaList */ = {
			isa = PBXGroup;
			children = (
				687A0EB91A4A762C003D298F /* main.cpp */,
			);
			path = VaList;
			sourceTree = "<group>";
		};
		687A0EC31A4A771E003D298F /* BTrees */ = {
			isa = PBXGroup;
			children = (
				687A0EC41A4A771E003D298F /* main.cpp */,
			);
			path = BTrees;
			sourceTree = "<group>";
		};
		687A0ECE1A4A7D7E003D298F /* Inheritance */ = {
			isa = PBXGroup;
			children = (
				687A0ECF1A4A7D7E003D298F /* main.cpp */,
			);
			path = Inheritance;
			sourceTree = "<group>";
		};
		687A0ED91A4A8F36003D298F /* InitLists */ = {
			isa = PBXGroup;
			children = (
				687A0EDA1A4A8F36003D298F /* main.cpp */,
			);
			path = InitLists;
			sourceTree = "<group>";
		};
		687A0EE41A4A9054003D298F /* Templates */ = {
			isa = PBXGroup;
			children = (
				687A0EE51A4A9054003D298F /* main.cpp */,
			);
			path = Templates;
			sourceTree = "<group>";
		};
		687A0EEF1A4A971D003D298F /* EnumType */ = {
			isa = PBXGroup;
			children = (
				687A0EF01A4A971D003D298F /* main.cpp */,
			);
			path = EnumType;
			sourceTree = "<group>";
		};
		687A0EFA1A4A986C003D298F /* Macros */ = {
			isa = PBXGroup;
			children = (
				687A0EFB1A4A986C003D298F /* main.cpp */,
			);
			path = Macros;
			sourceTree = "<group>";
		};
		68AB82B81A47C9EA00985D9D /* CStrings */ = {
			isa = PBXGroup;
			children = (
				68AB82B91A47C9EA00985D9D /* main.cpp */,
			);
			path = CStrings;
			sourceTree = "<group>";
		};
		68E2197D1A4423DC009E83F1 /* Variables */ = {
			isa = PBXGroup;
			children = (
				68E2197E1A4423DC009E83F1 /* main.cpp */,
			);
			path = Variables;
			sourceTree = "<group>";
		};
		68E219881A44278A009E83F1 /* IfState */ = {
			isa = PBXGroup;
			children = (
				68E219891A44278A009E83F1 /* main.cpp */,
			);
			path = IfState;
			sourceTree = "<group>";
		};
		68E219931A44287B009E83F1 /* Loops */ = {
			isa = PBXGroup;
			children = (
				68E219941A44287B009E83F1 /* main.cpp */,
			);
			path = Loops;
			sourceTree = "<group>";
		};
		68E2199E1A442BF9009E83F1 /* Functions */ = {
			isa = PBXGroup;
			children = (
				68E2199F1A442BF9009E83F1 /* main.cpp */,
			);
			path = Functions;
			sourceTree = "<group>";
		};
		68E219A91A442E54009E83F1 /* Pointer */ = {
			isa = PBXGroup;
			children = (
				68E219AA1A442E54009E83F1 /* main.cpp */,
			);
			path = Pointer;
			sourceTree = "<group>";
		};
		68E219B41A442F0A009E83F1 /* Structure */ = {
			isa = PBXGroup;
			children = (
				68E219B51A442F0A009E83F1 /* main.cpp */,
			);
			path = Structure;
			sourceTree = "<group>";
		};
		68E219BF1A442FF0009E83F1 /* Array */ = {
			isa = PBXGroup;
			children = (
				68E219C01A442FF0009E83F1 /* main.cpp */,
			);
			path = Array;
			sourceTree = "<group>";
		};
		68EFD6321A42B37400C52656 = {
			isa = PBXGroup;
			children = (
				68EFD63D1A42B37400C52656 /* Hello */,
				68E2197D1A4423DC009E83F1 /* Variables */,
				68E219881A44278A009E83F1 /* IfState */,
				68E219931A44287B009E83F1 /* Loops */,
				68E2199E1A442BF9009E83F1 /* Functions */,
				68E219A91A442E54009E83F1 /* Pointer */,
				68E219B41A442F0A009E83F1 /* Structure */,
				68E219BF1A442FF0009E83F1 /* Array */,
				68AB82B81A47C9EA00985D9D /* CStrings */,
				687A0E5D1A4A5B3A003D298F /* FileIO */,
				687A0E681A4A5D44003D298F /* Casting */,
				687A0E731A4A5E58003D298F /* Classes */,
				687A0E891A4A613B003D298F /* PartedClasses */,
				687A0E971A4A625F003D298F /* InlineFunc */,
				687A0EA21A4A641A003D298F /* Arguments */,
				687A0EAD1A4A6E6C003D298F /* List */,
				687A0EB81A4A762C003D298F /* VaList */,
				687A0EC31A4A771E003D298F /* BTrees */,
				687A0ECE1A4A7D7E003D298F /* Inheritance */,
				687A0ED91A4A8F36003D298F /* InitLists */,
				687A0EE41A4A9054003D298F /* Templates */,
				687A0EEF1A4A971D003D298F /* EnumType */,
				687A0EFA1A4A986C003D298F /* Macros */,
				68EFD63C1A42B37400C52656 /* Products */,
			);
			sourceTree = "<group>";
		};
		68EFD63C1A42B37400C52656 /* Products */ = {
			isa = PBXGroup;
			children = (
				68EFD63B1A42B37400C52656 /* MLCppTutorial */,
				68E2197C1A4423DC009E83F1 /* Variables */,
				68E219871A44278A009E83F1 /* IfState */,
				68E219921A44287B009E83F1 /* Loops */,
				68E2199D1A442BF9009E83F1 /* Functions */,
				68E219A81A442E54009E83F1 /* Pointer */,
				68E219B31A442F0A009E83F1 /* Structure */,
				68E219BE1A442FF0009E83F1 /* Array */,
				68AB82B71A47C9EA00985D9D /* CStrings */,
				687A0E5C1A4A5B3A003D298F /* FileIO */,
				687A0E671A4A5D44003D298F /* Casting */,
				687A0E721A4A5E58003D298F /* Classes */,
				687A0E881A4A613B003D298F /* PartedClasses */,
				687A0E961A4A625F003D298F /* InlineFunc */,
				687A0EA11A4A641A003D298F /* Arguments */,
				687A0EAC1A4A6E6C003D298F /* List */,
				687A0EB71A4A762C003D298F /* VaList */,
				687A0EC21A4A771E003D298F /* BTrees */,
				687A0ECD1A4A7D7E003D298F /* Inheritance */,
				687A0ED81A4A8F36003D298F /* InitLists */,
				687A0EE31A4A9054003D298F /* Templates */,
				687A0EEE1A4A971D003D298F /* EnumType */,
				687A0EF91A4A986C003D298F /* Macros */,
			);
			name = Products;
			sourceTree = "<group>";
		};
		68EFD63D1A42B37400C52656 /* Hello */ = {
			isa = PBXGroup;
			children = (
				68EFD63E1A42B37400C52656 /* main.cpp */,
			);
			path = Hello;
			sourceTree = "<group>";
		};
/* End PBXGroup section */

/* Begin PBXNativeTarget section */
		687A0E5B1A4A5B3A003D298F /* FileIO */ = {
			isa = PBXNativeTarget;
			buildConfigurationList = 687A0E621A4A5B3A003D298F /* Build configuration list for PBXNativeTarget "FileIO" */;
			buildPhases = (
				687A0E581A4A5B3A003D298F /* Sources */,
				687A0E591A4A5B3A003D298F /* Frameworks */,
				687A0E5A1A4A5B3A003D298F /* CopyFiles */,
			);
			buildRules = (
			);
			dependencies = (
			);
			name = FileIO;
			productName = FileIO;
			productReference = 687A0E5C1A4A5B3A003D298F /* FileIO */;
			productType = "com.apple.product-type.tool";
		};
		687A0E661A4A5D44003D298F /* Casting */ = {
			isa = PBXNativeTarget;
			buildConfigurationList = 687A0E6B1A4A5D44003D298F /* Build configuration list for PBXNativeTarget "Casting" */;
			buildPhases = (
				687A0E631A4A5D44003D298F /* Sources */,
				687A0E641A4A5D44003D298F /* Frameworks */,
				687A0E651A4A5D44003D298F /* CopyFiles */,
			);
			buildRules = (
			);
			dependencies = (
			);
			name = Casting;
			productName = Casting;
			productReference = 687A0E671A4A5D44003D298F /* Casting */;
			productType = "com.apple.product-type.tool";
		};
		687A0E711A4A5E58003D298F /* Classes */ = {
			isa = PBXNativeTarget;
			buildConfigurationList = 687A0E761A4A5E58003D298F /* Build configuration list for PBXNativeTarget "Classes" */;
			buildPhases = (
				687A0E6E1A4A5E58003D298F /* Sources */,
				687A0E6F1A4A5E58003D298F /* Frameworks */,
				687A0E701A4A5E58003D298F /* CopyFiles */,
			);
			buildRules = (
			);
			dependencies = (
			);
			name = Classes;
			productName = Classes;
			productReference = 687A0E721A4A5E58003D298F /* Classes */;
			productType = "com.apple.product-type.tool";
		};
		687A0E871A4A613B003D298F /* PartedClasses */ = {
			isa = PBXNativeTarget;
			buildConfigurationList = 687A0E8E1A4A613B003D298F /* Build configuration list for PBXNativeTarget "PartedClasses" */;
			buildPhases = (
				687A0E841A4A613B003D298F /* Sources */,
				687A0E851A4A613B003D298F /* Frameworks */,
				687A0E861A4A613B003D298F /* CopyFiles */,
			);
			buildRules = (
			);
			dependencies = (
			);
			name = PartedClasses;
			productName = PartedClasses;
			productReference = 687A0E881A4A613B003D298F /* PartedClasses */;
			productType = "com.apple.product-type.tool";
		};
		687A0E951A4A625F003D298F /* InlineFunc */ = {
			isa = PBXNativeTarget;
			buildConfigurationList = 687A0E9A1A4A625F003D298F /* Build configuration list for PBXNativeTarget "InlineFunc" */;
			buildPhases = (
				687A0E921A4A625F003D298F /* Sources */,
				687A0E931A4A625F003D298F /* Frameworks */,
				687A0E941A4A625F003D298F /* CopyFiles */,
			);
			buildRules = (
			);
			dependencies = (
			);
			name = InlineFunc;
			productName = InlineFunc;
			productReference = 687A0E961A4A625F003D298F /* InlineFunc */;
			productType = "com.apple.product-type.tool";
		};
		687A0EA01A4A641A003D298F /* Arguments */ = {
			isa = PBXNativeTarget;
			buildConfigurationList = 687A0EA51A4A641A003D298F /* Build configuration list for PBXNativeTarget "Arguments" */;
			buildPhases = (
				687A0E9D1A4A641A003D298F /* Sources */,
				687A0E9E1A4A641A003D298F /* Frameworks */,
				687A0E9F1A4A641A003D298F /* CopyFiles */,
			);
			buildRules = (
			);
			dependencies = (
			);
			name = Arguments;
			productName = Arguments;
			productReference = 687A0EA11A4A641A003D298F /* Arguments */;
			productType = "com.apple.product-type.tool";
		};
		687A0EAB1A4A6E6C003D298F /* List */ = {
			isa = PBXNativeTarget;
			buildConfigurationList = 687A0EB01A4A6E6C003D298F /* Build configuration list for PBXNativeTarget "List" */;
			buildPhases = (
				687A0EA81A4A6E6C003D298F /* Sources */,
				687A0EA91A4A6E6C003D298F /* Frameworks */,
				687A0EAA1A4A6E6C003D298F /* CopyFiles */,
			);
			buildRules = (
			);
			dependencies = (
			);
			name = List;
			productName = List;
			productReference = 687A0EAC1A4A6E6C003D298F /* List */;
			productType = "com.apple.product-type.tool";
		};
		687A0EB61A4A762C003D298F /* VaList */ = {
			isa = PBXNativeTarget;
			buildConfigurationList = 687A0EBB1A4A762C003D298F /* Build configuration list for PBXNativeTarget "VaList" */;
			buildPhases = (
				687A0EB31A4A762C003D298F /* Sources */,
				687A0EB41A4A762C003D298F /* Frameworks */,
				687A0EB51A4A762C003D298F /* CopyFiles */,
			);
			buildRules = (
			);
			dependencies = (
			);
			name = VaList;
			productName = VaList;
			productReference = 687A0EB71A4A762C003D298F /* VaList */;
			productType = "com.apple.product-type.tool";
		};
		687A0EC11A4A771E003D298F /* BTrees */ = {
			isa = PBXNativeTarget;
			buildConfigurationList = 687A0EC61A4A771E003D298F /* Build configuration list for PBXNativeTarget "BTrees" */;
			buildPhases = (
				687A0EBE1A4A771E003D298F /* Sources */,
				687A0EBF1A4A771E003D298F /* Frameworks */,
				687A0EC01A4A771E003D298F /* CopyFiles */,
			);
			buildRules = (
			);
			dependencies = (
			);
			name = BTrees;
			productName = BTrees;
			productReference = 687A0EC21A4A771E003D298F /* BTrees */;
			productType = "com.apple.product-type.tool";
		};
		687A0ECC1A4A7D7E003D298F /* Inheritance */ = {
			isa = PBXNativeTarget;
			buildConfigurationList = 687A0ED11A4A7D7E003D298F /* Build configuration list for PBXNativeTarget "Inheritance" */;
			buildPhases = (
				687A0EC91A4A7D7E003D298F /* Sources */,
				687A0ECA1A4A7D7E003D298F /* Frameworks */,
				687A0ECB1A4A7D7E003D298F /* CopyFiles */,
			);
			buildRules = (
			);
			dependencies = (
			);
			name = Inheritance;
			productName = Inheritance;
			productReference = 687A0ECD1A4A7D7E003D298F /* Inheritance */;
			productType = "com.apple.product-type.tool";
		};
		687A0ED71A4A8F36003D298F /* InitLists */ = {
			isa = PBXNativeTarget;
			buildConfigurationList = 687A0EDC1A4A8F36003D298F /* Build configuration list for PBXNativeTarget "InitLists" */;
			buildPhases = (
				687A0ED41A4A8F36003D298F /* Sources */,
				687A0ED51A4A8F36003D298F /* Frameworks */,
				687A0ED61A4A8F36003D298F /* CopyFiles */,
			);
			buildRules = (
			);
			dependencies = (
			);
			name = InitLists;
			productName = InitLists;
			productReference = 687A0ED81A4A8F36003D298F /* InitLists */;
			productType = "com.apple.product-type.tool";
		};
		687A0EE21A4A9054003D298F /* Templates */ = {
			isa = PBXNativeTarget;
			buildConfigurationList = 687A0EE71A4A9054003D298F /* Build configuration list for PBXNativeTarget "Templates" */;
			buildPhases = (
				687A0EDF1A4A9054003D298F /* Sources */,
				687A0EE01A4A9054003D298F /* Frameworks */,
				687A0EE11A4A9054003D298F /* CopyFiles */,
			);
			buildRules = (
			);
			dependencies = (
			);
			name = Templates;
			productName = Templates;
			productReference = 687A0EE31A4A9054003D298F /* Templates */;
			productType = "com.apple.product-type.tool";
		};
		687A0EED1A4A971D003D298F /* EnumType */ = {
			isa = PBXNativeTarget;
			buildConfigurationList = 687A0EF21A4A971D003D298F /* Build configuration list for PBXNativeTarget "EnumType" */;
			buildPhases = (
				687A0EEA1A4A971D003D298F /* Sources */,
				687A0EEB1A4A971D003D298F /* Frameworks */,
				687A0EEC1A4A971D003D298F /* CopyFiles */,
			);
			buildRules = (
			);
			dependencies = (
			);
			name = EnumType;
			productName = EnumType;
			productReference = 687A0EEE1A4A971D003D298F /* EnumType */;
			productType = "com.apple.product-type.tool";
		};
		687A0EF81A4A986C003D298F /* Macros */ = {
			isa = PBXNativeTarget;
			buildConfigurationList = 687A0EFD1A4A986C003D298F /* Build configuration list for PBXNativeTarget "Macros" */;
			buildPhases = (
				687A0EF51A4A986C003D298F /* Sources */,
				687A0EF61A4A986C003D298F /* Frameworks */,
				687A0EF71A4A986C003D298F /* CopyFiles */,
			);
			buildRules = (
			);
			dependencies = (
			);
			name = Macros;
			productName = Macros;
			productReference = 687A0EF91A4A986C003D298F /* Macros */;
			productType = "com.apple.product-type.tool";
		};
		68AB82B61A47C9EA00985D9D /* CStrings */ = {
			isa = PBXNativeTarget;
			buildConfigurationList = 68AB82BD1A47C9EA00985D9D /* Build configuration list for PBXNativeTarget "CStrings" */;
			buildPhases = (
				68AB82B31A47C9EA00985D9D /* Sources */,
				68AB82B41A47C9EA00985D9D /* Frameworks */,
				68AB82B51A47C9EA00985D9D /* CopyFiles */,
			);
			buildRules = (
			);
			dependencies = (
			);
			name = CStrings;
			productName = CStrings;
			productReference = 68AB82B71A47C9EA00985D9D /* CStrings */;
			productType = "com.apple.product-type.tool";
		};
		68E2197B1A4423DC009E83F1 /* Variables */ = {
			isa = PBXNativeTarget;
			buildConfigurationList = 68E219821A4423DC009E83F1 /* Build configuration list for PBXNativeTarget "Variables" */;
			buildPhases = (
				68E219781A4423DC009E83F1 /* Sources */,
				68E219791A4423DC009E83F1 /* Frameworks */,
				68E2197A1A4423DC009E83F1 /* CopyFiles */,
			);
			buildRules = (
			);
			dependencies = (
			);
			name = Variables;
			productName = Variables;
			productReference = 68E2197C1A4423DC009E83F1 /* Variables */;
			productType = "com.apple.product-type.tool";
		};
		68E219861A44278A009E83F1 /* IfState */ = {
			isa = PBXNativeTarget;
			buildConfigurationList = 68E2198B1A44278A009E83F1 /* Build configuration list for PBXNativeTarget "IfState" */;
			buildPhases = (
				68E219831A44278A009E83F1 /* Sources */,
				68E219841A44278A009E83F1 /* Frameworks */,
				68E219851A44278A009E83F1 /* CopyFiles */,
			);
			buildRules = (
			);
			dependencies = (
			);
			name = IfState;
			productName = IfState;
			productReference = 68E219871A44278A009E83F1 /* IfState */;
			productType = "com.apple.product-type.tool";
		};
		68E219911A44287B009E83F1 /* Loops */ = {
			isa = PBXNativeTarget;
			buildConfigurationList = 68E219961A44287B009E83F1 /* Build configuration list for PBXNativeTarget "Loops" */;
			buildPhases = (
				68E2198E1A44287B009E83F1 /* Sources */,
				68E2198F1A44287B009E83F1 /* Frameworks */,
				68E219901A44287B009E83F1 /* CopyFiles */,
			);
			buildRules = (
			);
			dependencies = (
			);
			name = Loops;
			productName = Loops;
			productReference = 68E219921A44287B009E83F1 /* Loops */;
			productType = "com.apple.product-type.tool";
		};
		68E2199C1A442BF9009E83F1 /* Functions */ = {
			isa = PBXNativeTarget;
			buildConfigurationList = 68E219A11A442BF9009E83F1 /* Build configuration list for PBXNativeTarget "Functions" */;
			buildPhases = (
				68E219991A442BF9009E83F1 /* Sources */,
				68E2199A1A442BF9009E83F1 /* Frameworks */,
				68E2199B1A442BF9009E83F1 /* CopyFiles */,
			);
			buildRules = (
			);
			dependencies = (
			);
			name = Functions;
			productName = Functions;
			productReference = 68E2199D1A442BF9009E83F1 /* Functions */;
			productType = "com.apple.product-type.tool";
		};
		68E219A71A442E54009E83F1 /* Pointer */ = {
			isa = PBXNativeTarget;
			buildConfigurationList = 68E219AC1A442E54009E83F1 /* Build configuration list for PBXNativeTarget "Pointer" */;
			buildPhases = (
				68E219A41A442E54009E83F1 /* Sources */,
				68E219A51A442E54009E83F1 /* Frameworks */,
				68E219A61A442E54009E83F1 /* CopyFiles */,
			);
			buildRules = (
			);
			dependencies = (
			);
			name = Pointer;
			productName = Pointer;
			productReference = 68E219A81A442E54009E83F1 /* Pointer */;
			productType = "com.apple.product-type.tool";
		};
		68E219B21A442F0A009E83F1 /* Structure */ = {
			isa = PBXNativeTarget;
			buildConfigurationList = 68E219B71A442F0A009E83F1 /* Build configuration list for PBXNativeTarget "Structure" */;
			buildPhases = (
				68E219AF1A442F0A009E83F1 /* Sources */,
				68E219B01A442F0A009E83F1 /* Frameworks */,
				68E219B11A442F0A009E83F1 /* CopyFiles */,
			);
			buildRules = (
			);
			dependencies = (
			);
			name = Structure;
			productName = Structure;
			productReference = 68E219B31A442F0A009E83F1 /* Structure */;
			productType = "com.apple.product-type.tool";
		};
		68E219BD1A442FF0009E83F1 /* Array */ = {
			isa = PBXNativeTarget;
			buildConfigurationList = 68E219C21A442FF0009E83F1 /* Build configuration list for PBXNativeTarget "Array" */;
			buildPhases = (
				68E219BA1A442FF0009E83F1 /* Sources */,
				68E219BB1A442FF0009E83F1 /* Frameworks */,
				68E219BC1A442FF0009E83F1 /* CopyFiles */,
			);
			buildRules = (
			);
			dependencies = (
			);
			name = Array;
			productName = Array;
			productReference = 68E219BE1A442FF0009E83F1 /* Array */;
			productType = "com.apple.product-type.tool";
		};
		68EFD63A1A42B37400C52656 /* MLCppTutorial */ = {
			isa = PBXNativeTarget;
			buildConfigurationList = 68EFD6421A42B37400C52656 /* Build configuration list for PBXNativeTarget "MLCppTutorial" */;
			buildPhases = (
				68EFD6371A42B37400C52656 /* Sources */,
				68EFD6381A42B37400C52656 /* Frameworks */,
				68EFD6391A42B37400C52656 /* CopyFiles */,
			);
			buildRules = (
			);
			dependencies = (
			);
			name = MLCppTutorial;
			productName = Hello;
			productReference = 68EFD63B1A42B37400C52656 /* MLCppTutorial */;
			productType = "com.apple.product-type.tool";
		};
/* End PBXNativeTarget section */

/* Begin PBXProject section */
		68EFD6331A42B37400C52656 /* Project object */ = {
			isa = PBXProject;
			attributes = {
				LastUpgradeCheck = 0610;
				ORGANIZATIONNAME = mlyixi;
				TargetAttributes = {
					687A0E5B1A4A5B3A003D298F = {
						CreatedOnToolsVersion = 6.1;
					};
					687A0E661A4A5D44003D298F = {
						CreatedOnToolsVersion = 6.1;
					};
					687A0E711A4A5E58003D298F = {
						CreatedOnToolsVersion = 6.1;
					};
					687A0E871A4A613B003D298F = {
						CreatedOnToolsVersion = 6.1;
					};
					687A0E951A4A625F003D298F = {
						CreatedOnToolsVersion = 6.1;
					};
					687A0EA01A4A641A003D298F = {
						CreatedOnToolsVersion = 6.1;
					};
					687A0EAB1A4A6E6C003D298F = {
						CreatedOnToolsVersion = 6.1;
					};
					687A0EB61A4A762C003D298F = {
						CreatedOnToolsVersion = 6.1;
					};
					687A0EC11A4A771E003D298F = {
						CreatedOnToolsVersion = 6.1;
					};
					687A0ECC1A4A7D7E003D298F = {
						CreatedOnToolsVersion = 6.1;
					};
					687A0ED71A4A8F36003D298F = {
						CreatedOnToolsVersion = 6.1;
					};
					687A0EE21A4A9054003D298F = {
						CreatedOnToolsVersion = 6.1;
					};
					687A0EED1A4A971D003D298F = {
						CreatedOnToolsVersion = 6.1;
					};
					687A0EF81A4A986C003D298F = {
						CreatedOnToolsVersion = 6.1;
					};
					68AB82B61A47C9EA00985D9D = {
						CreatedOnToolsVersion = 6.1;
					};
					68E2197B1A4423DC009E83F1 = {
						CreatedOnToolsVersion = 6.1;
					};
					68E219861A44278A009E83F1 = {
						CreatedOnToolsVersion = 6.1;
					};
					68E219911A44287B009E83F1 = {
						CreatedOnToolsVersion = 6.1;
					};
					68E2199C1A442BF9009E83F1 = {
						CreatedOnToolsVersion = 6.1;
					};
					68E219A71A442E54009E83F1 = {
						CreatedOnToolsVersion = 6.1;
					};
					68E219B21A442F0A009E83F1 = {
						CreatedOnToolsVersion = 6.1;
					};
					68E219BD1A442FF0009E83F1 = {
						CreatedOnToolsVersion = 6.1;
					};
					68EFD63A1A42B37400C52656 = {
						CreatedOnToolsVersion = 6.1;
					};
				};
			};
			buildConfigurationList = 68EFD6361A42B37400C52656 /* Build configuration list for PBXProject "MLCppTutorial" */;
			compatibilityVersion = "Xcode 3.2";
			developmentRegion = English;
			hasScannedForEncodings = 0;
			knownRegions = (
				en,
			);
			mainGroup = 68EFD6321A42B37400C52656;
			productRefGroup = 68EFD63C1A42B37400C52656 /* Products */;
			projectDirPath = "";
			projectRoot = "";
			targets = (
				68EFD63A1A42B37400C52656 /* MLCppTutorial */,
				68E2197B1A4423DC009E83F1 /* Variables */,
				68E219861A44278A009E83F1 /* IfState */,
				68E219911A44287B009E83F1 /* Loops */,
				68E2199C1A442BF9009E83F1 /* Functions */,
				68E219A71A442E54009E83F1 /* Pointer */,
				68E219B21A442F0A009E83F1 /* Structure */,
				68E219BD1A442FF0009E83F1 /* Array */,
				68AB82B61A47C9EA00985D9D /* CStrings */,
				687A0E5B1A4A5B3A003D298F /* FileIO */,
				687A0E661A4A5D44003D298F /* Casting */,
				687A0E711A4A5E58003D298F /* Classes */,
				687A0E871A4A613B003D298F /* PartedClasses */,
				687A0E951A4A625F003D298F /* InlineFunc */,
				687A0EA01A4A641A003D298F /* Arguments */,
				687A0EAB1A4A6E6C003D298F /* List */,
				687A0EB61A4A762C003D298F /* VaList */,
				687A0EC11A4A771E003D298F /* BTrees */,
				687A0ECC1A4A7D7E003D298F /* Inheritance */,
				687A0ED71A4A8F36003D298F /* InitLists */,
				687A0EE21A4A9054003D298F /* Templates */,
				687A0EED1A4A971D003D298F /* EnumType */,
				687A0EF81A4A986C003D298F /* Macros */,
			);
		};
/* End PBXProject section */

/* Begin PBXSourcesBuildPhase section */
		687A0E581A4A5B3A003D298F /* Sources */ = {
			isa = PBXSourcesBuildPhase;
			buildActionMask = 2147483647;
			files = (
				687A0E5F1A4A5B3A003D298F /* main.cpp in Sources */,
			);
			runOnlyForDeploymentPostprocessing = 0;
		};
		687A0E631A4A5D44003D298F /* Sources */ = {
			isa = PBXSourcesBuildPhase;
			buildActionMask = 2147483647;
			files = (
				687A0E6A1A4A5D44003D298F /* main.cpp in Sources */,
			);
			runOnlyForDeploymentPostprocessing = 0;
		};
		687A0E6E1A4A5E58003D298F /* Sources */ = {
			isa = PBXSourcesBuildPhase;
			buildActionMask = 2147483647;
			files = (
				687A0E751A4A5E58003D298F /* main.cpp in Sources */,
			);
			runOnlyForDeploymentPostprocessing = 0;
		};
		687A0E841A4A613B003D298F /* Sources */ = {
			isa = PBXSourcesBuildPhase;
			buildActionMask = 2147483647;
			files = (
				687A0E911A4A6197003D298F /* Computer.cpp in Sources */,
				687A0E8B1A4A613B003D298F /* main.cpp in Sources */,
			);
			runOnlyForDeploymentPostprocessing = 0;
		};
		687A0E921A4A625F003D298F /* Sources */ = {
			isa = PBXSourcesBuildPhase;
			buildActionMask = 2147483647;
			files = (
				687A0E991A4A625F003D298F /* main.cpp in Sources */,
			);
			runOnlyForDeploymentPostprocessing = 0;
		};
		687A0E9D1A4A641A003D298F /* Sources */ = {
			isa = PBXSourcesBuildPhase;
			buildActionMask = 2147483647;
			files = (
				687A0EA41A4A641A003D298F /* main.cpp in Sources */,
			);
			runOnlyForDeploymentPostprocessing = 0;
		};
		687A0EA81A4A6E6C003D298F /* Sources */ = {
			isa = PBXSourcesBuildPhase;
			buildActionMask = 2147483647;
			files = (
				687A0EAF1A4A6E6C003D298F /* main.cpp in Sources */,
			);
			runOnlyForDeploymentPostprocessing = 0;
		};
		687A0EB31A4A762C003D298F /* Sources */ = {
			isa = PBXSourcesBuildPhase;
			buildActionMask = 2147483647;
			files = (
				687A0EBA1A4A762C003D298F /* main.cpp in Sources */,
			);
			runOnlyForDeploymentPostprocessing = 0;
		};
		687A0EBE1A4A771E003D298F /* Sources */ = {
			isa = PBXSourcesBuildPhase;
			buildActionMask = 2147483647;
			files = (
				687A0EC51A4A771E003D298F /* main.cpp in Sources */,
			);
			runOnlyForDeploymentPostprocessing = 0;
		};
		687A0EC91A4A7D7E003D298F /* Sources */ = {
			isa = PBXSourcesBuildPhase;
			buildActionMask = 2147483647;
			files = (
				687A0ED01A4A7D7E003D298F /* main.cpp in Sources */,
			);
			runOnlyForDeploymentPostprocessing = 0;
		};
		687A0ED41A4A8F36003D298F /* Sources */ = {
			isa = PBXSourcesBuildPhase;
			buildActionMask = 2147483647;
			files = (
				687A0EDB1A4A8F36003D298F /* main.cpp in Sources */,
			);
			runOnlyForDeploymentPostprocessing = 0;
		};
		687A0EDF1A4A9054003D298F /* Sources */ = {
			isa = PBXSourcesBuildPhase;
			buildActionMask = 2147483647;
			files = (
				687A0EE61A4A9054003D298F /* main.cpp in Sources */,
			);
			runOnlyForDeploymentPostprocessing = 0;
		};
		687A0EEA1A4A971D003D298F /* Sources */ = {
			isa = PBXSourcesBuildPhase;
			buildActionMask = 2147483647;
			files = (
				687A0EF11A4A971D003D298F /* main.cpp in Sources */,
			);
			runOnlyForDeploymentPostprocessing = 0;
		};
		687A0EF51A4A986C003D298F /* Sources */ = {
			isa = PBXSourcesBuildPhase;
			buildActionMask = 2147483647;
			files = (
				687A0EFC1A4A986C003D298F /* main.cpp in Sources */,
			);
			runOnlyForDeploymentPostprocessing = 0;
		};
		68AB82B31A47C9EA00985D9D /* Sources */ = {
			isa = PBXSourcesBuildPhase;
			buildActionMask = 2147483647;
			files = (
				68AB82BA1A47C9EA00985D9D /* main.cpp in Sources */,
			);
			runOnlyForDeploymentPostprocessing = 0;
		};
		68E219781A4423DC009E83F1 /* Sources */ = {
			isa = PBXSourcesBuildPhase;
			buildActionMask = 2147483647;
			files = (
				68E2197F1A4423DC009E83F1 /* main.cpp in Sources */,
			);
			runOnlyForDeploymentPostprocessing = 0;
		};
		68E219831A44278A009E83F1 /* Sources */ = {
			isa = PBXSourcesBuildPhase;
			buildActionMask = 2147483647;
			files = (
				68E2198A1A44278A009E83F1 /* main.cpp in Sources */,
			);
			runOnlyForDeploymentPostprocessing = 0;
		};
		68E2198E1A44287B009E83F1 /* Sources */ = {
			isa = PBXSourcesBuildPhase;
			buildActionMask = 2147483647;
			files = (
				68E219951A44287B009E83F1 /* main.cpp in Sources */,
			);
			runOnlyForDeploymentPostprocessing = 0;
		};
		68E219991A442BF9009E83F1 /* Sources */ = {
			isa = PBXSourcesBuildPhase;
			buildActionMask = 2147483647;
			files = (
				68E219A01A442BF9009E83F1 /* main.cpp in Sources */,
			);
			runOnlyForDeploymentPostprocessing = 0;
		};
		68E219A41A442E54009E83F1 /* Sources */ = {
			isa = PBXSourcesBuildPhase;
			buildActionMask = 2147483647;
			files = (
				68E219AB1A442E54009E83F1 /* main.cpp in Sources */,
			);
			runOnlyForDeploymentPostprocessing = 0;
		};
		68E219AF1A442F0A009E83F1 /* Sources */ = {
			isa = PBXSourcesBuildPhase;
			buildActionMask = 2147483647;
			files = (
				68E219B61A442F0A009E83F1 /* main.cpp in Sources */,
			);
			runOnlyForDeploymentPostprocessing = 0;
		};
		68E219BA1A442FF0009E83F1 /* Sources */ = {
			isa = PBXSourcesBuildPhase;
			buildActionMask = 2147483647;
			files = (
				68E219C11A442FF0009E83F1 /* main.cpp in Sources */,
			);
			runOnlyForDeploymentPostprocessing = 0;
		};
		68EFD6371A42B37400C52656 /* Sources */ = {
			isa = PBXSourcesBuildPhase;
			buildActionMask = 2147483647;
			files = (
				68EFD63F1A42B37400C52656 /* main.cpp in Sources */,
			);
			runOnlyForDeploymentPostprocessing = 0;
		};
/* End PBXSourcesBuildPhase section */

/* Begin XCBuildConfiguration section */
		687A0E601A4A5B3A003D298F /* Debug */ = {
			isa = XCBuildConfiguration;
			buildSettings = {
				GCC_PREPROCESSOR_DEFINITIONS = (
					"DEBUG=1",
					"$(inherited)",
				);
				PRODUCT_NAME = "$(TARGET_NAME)";
			};
			name = Debug;
		};
		687A0E611A4A5B3A003D298F /* Release */ = {
			isa = XCBuildConfiguration;
			buildSettings = {
				PRODUCT_NAME = "$(TARGET_NAME)";
			};
			name = Release;
		};
		687A0E6C1A4A5D44003D298F /* Debug */ = {
			isa = XCBuildConfiguration;
			buildSettings = {
				GCC_PREPROCESSOR_DEFINITIONS = (
					"DEBUG=1",
					"$(inherited)",
				);
				PRODUCT_NAME = "$(TARGET_NAME)";
			};
			name = Debug;
		};
		687A0E6D1A4A5D44003D298F /* Release */ = {
			isa = XCBuildConfiguration;
			buildSettings = {
				PRODUCT_NAME = "$(TARGET_NAME)";
			};
			name = Release;
		};
		687A0E771A4A5E58003D298F /* Debug */ = {
			isa = XCBuildConfiguration;
			buildSettings = {
				GCC_PREPROCESSOR_DEFINITIONS = (
					"DEBUG=1",
					"$(inherited)",
				);
				PRODUCT_NAME = "$(TARGET_NAME)";
			};
			name = Debug;
		};
		687A0E781A4A5E58003D298F /* Release */ = {
			isa = XCBuildConfiguration;
			buildSettings = {
				PRODUCT_NAME = "$(TARGET_NAME)";
			};
			name = Release;
		};
		687A0E8C1A4A613B003D298F /* Debug */ = {
			isa = XCBuildConfiguration;
			buildSettings = {
				GCC_PREPROCESSOR_DEFINITIONS = (
					"DEBUG=1",
					"$(inherited)",
				);
				PRODUCT_NAME = "$(TARGET_NAME)";
			};
			name = Debug;
		};
		687A0E8D1A4A613B003D298F /* Release */ = {
			isa = XCBuildConfiguration;
			buildSettings = {
				PRODUCT_NAME = "$(TARGET_NAME)";
			};
			name = Release;
		};
		687A0E9B1A4A625F003D298F /* Debug */ = {
			isa = XCBuildConfiguration;
			buildSettings = {
				GCC_PREPROCESSOR_DEFINITIONS = (
					"DEBUG=1",
					"$(inherited)",
				);
				PRODUCT_NAME = "$(TARGET_NAME)";
			};
			name = Debug;
		};
		687A0E9C1A4A625F003D298F /* Release */ = {
			isa = XCBuildConfiguration;
			buildSettings = {
				PRODUCT_NAME = "$(TARGET_NAME)";
			};
			name = Release;
		};
		687A0EA61A4A641A003D298F /* Debug */ = {
			isa = XCBuildConfiguration;
			buildSettings = {
				GCC_PREPROCESSOR_DEFINITIONS = (
					"DEBUG=1",
					"$(inherited)",
				);
				PRODUCT_NAME = "$(TARGET_NAME)";
			};
			name = Debug;
		};
		687A0EA71A4A641A003D298F /* Release */ = {
			isa = XCBuildConfiguration;
			buildSettings = {
				PRODUCT_NAME = "$(TARGET_NAME)";
			};
			name = Release;
		};
		687A0EB11A4A6E6C003D298F /* Debug */ = {
			isa = XCBuildConfiguration;
			buildSettings = {
				GCC_PREPROCESSOR_DEFINITIONS = (
					"DEBUG=1",
					"$(inherited)",
				);
				PRODUCT_NAME = "$(TARGET_NAME)";
			};
			name = Debug;
		};
		687A0EB21A4A6E6C003D298F /* Release */ = {
			isa = XCBuildConfiguration;
			buildSettings = {
				PRODUCT_NAME = "$(TARGET_NAME)";
			};
			name = Release;
		};
		687A0EBC1A4A762C003D298F /* Debug */ = {
			isa = XCBuildConfiguration;
			buildSettings = {
				GCC_PREPROCESSOR_DEFINITIONS = (
					"DEBUG=1",
					"$(inherited)",
				);
				PRODUCT_NAME = "$(TARGET_NAME)";
			};
			name = Debug;
		};
		687A0EBD1A4A762C003D298F /* Release */ = {
			isa = XCBuildConfiguration;
			buildSettings = {
				PRODUCT_NAME = "$(TARGET_NAME)";
			};
			name = Release;
		};
		687A0EC71A4A771E003D298F /* Debug */ = {
			isa = XCBuildConfiguration;
			buildSettings = {
				GCC_PREPROCESSOR_DEFINITIONS = (
					"DEBUG=1",
					"$(inherited)",
				);
				PRODUCT_NAME = "$(TARGET_NAME)";
			};
			name = Debug;
		};
		687A0EC81A4A771E003D298F /* Release */ = {
			isa = XCBuildConfiguration;
			buildSettings = {
				PRODUCT_NAME = "$(TARGET_NAME)";
			};
			name = Release;
		};
		687A0ED21A4A7D7E003D298F /* Debug */ = {
			isa = XCBuildConfiguration;
			buildSettings = {
				GCC_PREPROCESSOR_DEFINITIONS = (
					"DEBUG=1",
					"$(inherited)",
				);
				PRODUCT_NAME = "$(TARGET_NAME)";
			};
			name = Debug;
		};
		687A0ED31A4A7D7E003D298F /* Release */ = {
			isa = XCBuildConfiguration;
			buildSettings = {
				PRODUCT_NAME = "$(TARGET_NAME)";
			};
			name = Release;
		};
		687A0EDD1A4A8F36003D298F /* Debug */ = {
			isa = XCBuildConfiguration;
			buildSettings = {
				GCC_PREPROCESSOR_DEFINITIONS = (
					"DEBUG=1",
					"$(inherited)",
				);
				PRODUCT_NAME = "$(TARGET_NAME)";
			};
			name = Debug;
		};
		687A0EDE1A4A8F36003D298F /* Release */ = {
			isa = XCBuildConfiguration;
			buildSettings = {
				PRODUCT_NAME = "$(TARGET_NAME)";
			};
			name = Release;
		};
		687A0EE81A4A9054003D298F /* Debug */ = {
			isa = XCBuildConfiguration;
			buildSettings = {
				GCC_PREPROCESSOR_DEFINITIONS = (
					"DEBUG=1",
					"$(inherited)",
				);
				PRODUCT_NAME = "$(TARGET_NAME)";
			};
			name = Debug;
		};
		687A0EE91A4A9054003D298F /* Release */ = {
			isa = XCBuildConfiguration;
			buildSettings = {
				PRODUCT_NAME = "$(TARGET_NAME)";
			};
			name = Release;
		};
		687A0EF31A4A971D003D298F /* Debug */ = {
			isa = XCBuildConfiguration;
			buildSettings = {
				GCC_PREPROCESSOR_DEFINITIONS = (
					"DEBUG=1",
					"$(inherited)",
				);
				PRODUCT_NAME = "$(TARGET_NAME)";
			};
			name = Debug;
		};
		687A0EF41A4A971D003D298F /* Release */ = {
			isa = XCBuildConfiguration;
			buildSettings = {
				PRODUCT_NAME = "$(TARGET_NAME)";
			};
			name = Release;
		};
		687A0EFE1A4A986C003D298F /* Debug */ = {
			isa = XCBuildConfiguration;
			buildSettings = {
				GCC_PREPROCESSOR_DEFINITIONS = (
					"DEBUG=1",
					"$(inherited)",
				);
				PRODUCT_NAME = "$(TARGET_NAME)";
			};
			name = Debug;
		};
		687A0EFF1A4A986C003D298F /* Release */ = {
			isa = XCBuildConfiguration;
			buildSettings = {
				PRODUCT_NAME = "$(TARGET_NAME)";
			};
			name = Release;
		};
		68AB82BB1A47C9EA00985D9D /* Debug */ = {
			isa = XCBuildConfiguration;
			buildSettings = {
				GCC_PREPROCESSOR_DEFINITIONS = (
					"DEBUG=1",
					"$(inherited)",
				);
				PRODUCT_NAME = "$(TARGET_NAME)";
			};
			name = Debug;
		};
		68AB82BC1A47C9EA00985D9D /* Release */ = {
			isa = XCBuildConfiguration;
			buildSettings = {
				PRODUCT_NAME = "$(TARGET_NAME)";
			};
			name = Release;
		};
		68E219801A4423DC009E83F1 /* Debug */ = {
			isa = XCBuildConfiguration;
			buildSettings = {
				GCC_PREPROCESSOR_DEFINITIONS = (
					"DEBUG=1",
					"$(inherited)",
				);
				PRODUCT_NAME = "$(TARGET_NAME)";
			};
			name = Debug;
		};
		68E219811A4423DC009E83F1 /* Release */ = {
			isa = XCBuildConfiguration;
			buildSettings = {
				PRODUCT_NAME = "$(TARGET_NAME)";
			};
			name = Release;
		};
		68E2198C1A44278A009E83F1 /* Debug */ = {
			isa = XCBuildConfiguration;
			buildSettings = {
				GCC_PREPROCESSOR_DEFINITIONS = (
					"DEBUG=1",
					"$(inherited)",
				);
				PRODUCT_NAME = "$(TARGET_NAME)";
			};
			name = Debug;
		};
		68E2198D1A44278A009E83F1 /* Release */ = {
			isa = XCBuildConfiguration;
			buildSettings = {
				PRODUCT_NAME = "$(TARGET_NAME)";
			};
			name = Release;
		};
		68E219971A44287B009E83F1 /* Debug */ = {
			isa = XCBuildConfiguration;
			buildSettings = {
				GCC_PREPROCESSOR_DEFINITIONS = (
					"DEBUG=1",
					"$(inherited)",
				);
				PRODUCT_NAME = "$(TARGET_NAME)";
			};
			name = Debug;
		};
		68E219981A44287B009E83F1 /* Release */ = {
			isa = XCBuildConfiguration;
			buildSettings = {
				PRODUCT_NAME = "$(TARGET_NAME)";
			};
			name = Release;
		};
		68E219A21A442BF9009E83F1 /* Debug */ = {
			isa = XCBuildConfiguration;
			buildSettings = {
				GCC_PREPROCESSOR_DEFINITIONS = (
					"DEBUG=1",
					"$(inherited)",
				);
				PRODUCT_NAME = "$(TARGET_NAME)";
			};
			name = Debug;
		};
		68E219A31A442BF9009E83F1 /* Release */ = {
			isa = XCBuildConfiguration;
			buildSettings = {
				PRODUCT_NAME = "$(TARGET_NAME)";
			};
			name = Release;
		};
		68E219AD1A442E54009E83F1 /* Debug */ = {
			isa = XCBuildConfiguration;
			buildSettings = {
				GCC_PREPROCESSOR_DEFINITIONS = (
					"DEBUG=1",
					"$(inherited)",
				);
				PRODUCT_NAME = "$(TARGET_NAME)";
			};
			name = Debug;
		};
		68E219AE1A442E54009E83F1 /* Release */ = {
			isa = XCBuildConfiguration;
			buildSettings = {
				PRODUCT_NAME = "$(TARGET_NAME)";
			};
			name = Release;
		};
		68E219B81A442F0A009E83F1 /* Debug */ = {
			isa = XCBuildConfiguration;
			buildSettings = {
				GCC_PREPROCESSOR_DEFINITIONS = (
					"DEBUG=1",
					"$(inherited)",
				);
				PRODUCT_NAME = "$(TARGET_NAME)";
			};
			name = Debug;
		};
		68E219B91A442F0A009E83F1 /* Release */ = {
			isa = XCBuildConfiguration;
			buildSettings = {
				PRODUCT_NAME = "$(TARGET_NAME)";
			};
			name = Release;
		};
		68E219C31A442FF0009E83F1 /* Debug */ = {
			isa = XCBuildConfiguration;
			buildSettings = {
				GCC_PREPROCESSOR_DEFINITIONS = (
					"DEBUG=1",
					"$(inherited)",
				);
				PRODUCT_NAME = "$(TARGET_NAME)";
			};
			name = Debug;
		};
		68E219C41A442FF0009E83F1 /* Release */ = {
			isa = XCBuildConfiguration;
			buildSettings = {
				PRODUCT_NAME = "$(TARGET_NAME)";
			};
			name = Release;
		};
		68EFD6401A42B37400C52656 /* Debug */ = {
			isa = XCBuildConfiguration;
			buildSettings = {
				ALWAYS_SEARCH_USER_PATHS = NO;
				CLANG_CXX_LANGUAGE_STANDARD = "gnu++0x";
				CLANG_CXX_LIBRARY = "libc++";
				CLANG_ENABLE_MODULES = YES;
				CLANG_ENABLE_OBJC_ARC = YES;
				CLANG_WARN_BOOL_CONVERSION = YES;
				CLANG_WARN_CONSTANT_CONVERSION = YES;
				CLANG_WARN_DIRECT_OBJC_ISA_USAGE = YES_ERROR;
				CLANG_WARN_EMPTY_BODY = YES;
				CLANG_WARN_ENUM_CONVERSION = YES;
				CLANG_WARN_INT_CONVERSION = YES;
				CLANG_WARN_OBJC_ROOT_CLASS = YES_ERROR;
				CLANG_WARN_UNREACHABLE_CODE = YES;
				CLANG_WARN__DUPLICATE_METHOD_MATCH = YES;
				COPY_PHASE_STRIP = NO;
				ENABLE_STRICT_OBJC_MSGSEND = YES;
				GCC_C_LANGUAGE_STANDARD = gnu99;
				GCC_DYNAMIC_NO_PIC = NO;
				GCC_OPTIMIZATION_LEVEL = 0;
				GCC_PREPROCESSOR_DEFINITIONS = (
					"DEBUG=1",
					"$(inherited)",
				);
				GCC_SYMBOLS_PRIVATE_EXTERN = NO;
				GCC_WARN_64_TO_32_BIT_CONVERSION = YES;
				GCC_WARN_ABOUT_RETURN_TYPE = YES_ERROR;
				GCC_WARN_UNDECLARED_SELECTOR = YES;
				GCC_WARN_UNINITIALIZED_AUTOS = YES_AGGRESSIVE;
				GCC_WARN_UNUSED_FUNCTION = YES;
				GCC_WARN_UNUSED_VARIABLE = YES;
				MACOSX_DEPLOYMENT_TARGET = 10.10;
				MTL_ENABLE_DEBUG_INFO = YES;
				ONLY_ACTIVE_ARCH = YES;
				SDKROOT = macosx;
			};
			name = Debug;
		};
		68EFD6411A42B37400C52656 /* Release */ = {
			isa = XCBuildConfiguration;
			buildSettings = {
				ALWAYS_SEARCH_USER_PATHS = NO;
				CLANG_CXX_LANGUAGE_STANDARD = "gnu++0x";
				CLANG_CXX_LIBRARY = "libc++";
				CLANG_ENABLE_MODULES = YES;
				CLANG_ENABLE_OBJC_ARC = YES;
				CLANG_WARN_BOOL_CONVERSION = YES;
				CLANG_WARN_CONSTANT_CONVERSION = YES;
				CLANG_WARN_DIRECT_OBJC_ISA_USAGE = YES_ERROR;
				CLANG_WARN_EMPTY_BODY = YES;
				CLANG_WARN_ENUM_CONVERSION = YES;
				CLANG_WARN_INT_CONVERSION = YES;
				CLANG_WARN_OBJC_ROOT_CLASS = YES_ERROR;
				CLANG_WARN_UNREACHABLE_CODE = YES;
				CLANG_WARN__DUPLICATE_METHOD_MATCH = YES;
				COPY_PHASE_STRIP = YES;
				DEBUG_INFORMATION_FORMAT = "dwarf-with-dsym";
				ENABLE_NS_ASSERTIONS = NO;
				ENABLE_STRICT_OBJC_MSGSEND = YES;
				GCC_C_LANGUAGE_STANDARD = gnu99;
				GCC_WARN_64_TO_32_BIT_CONVERSION = YES;
				GCC_WARN_ABOUT_RETURN_TYPE = YES_ERROR;
				GCC_WARN_UNDECLARED_SELECTOR = YES;
				GCC_WARN_UNINITIALIZED_AUTOS = YES_AGGRESSIVE;
				GCC_WARN_UNUSED_FUNCTION = YES;
				GCC_WARN_UNUSED_VARIABLE = YES;
				MACOSX_DEPLOYMENT_TARGET = 10.10;
				MTL_ENABLE_DEBUG_INFO = NO;
				SDKROOT = macosx;
			};
			name = Release;
		};
		68EFD6431A42B37400C52656 /* Debug */ = {
			isa = XCBuildConfiguration;
			buildSettings = {
				PRODUCT_NAME = MLCppTutorial;
			};
			name = Debug;
		};
		68EFD6441A42B37400C52656 /* Release */ = {
			isa = XCBuildConfiguration;
			buildSettings = {
				PRODUCT_NAME = MLCppTutorial;
			};
			name = Release;
		};
/* End XCBuildConfiguration section */

/* Begin XCConfigurationList section */
		687A0E621A4A5B3A003D298F /* Build configuration list for PBXNativeTarget "FileIO" */ = {
			isa = XCConfigurationList;
			buildConfigurations = (
				687A0E601A4A5B3A003D298F /* Debug */,
				687A0E611A4A5B3A003D298F /* Release */,
			);
			defaultConfigurationIsVisible = 0;
			defaultConfigurationName = Release;
		};
		687A0E6B1A4A5D44003D298F /* Build configuration list for PBXNativeTarget "Casting" */ = {
			isa = XCConfigurationList;
			buildConfigurations = (
				687A0E6C1A4A5D44003D298F /* Debug */,
				687A0E6D1A4A5D44003D298F /* Release */,
			);
			defaultConfigurationIsVisible = 0;
			defaultConfigurationName = Release;
		};
		687A0E761A4A5E58003D298F /* Build configuration list for PBXNativeTarget "Classes" */ = {
			isa = XCConfigurationList;
			buildConfigurations = (
				687A0E771A4A5E58003D298F /* Debug */,
				687A0E781A4A5E58003D298F /* Release */,
			);
			defaultConfigurationIsVisible = 0;
			defaultConfigurationName = Release;
		};
		687A0E8E1A4A613B003D298F /* Build configuration list for PBXNativeTarget "PartedClasses" */ = {
			isa = XCConfigurationList;
			buildConfigurations = (
				687A0E8C1A4A613B003D298F /* Debug */,
				687A0E8D1A4A613B003D298F /* Release */,
			);
			defaultConfigurationIsVisible = 0;
		};
		687A0E9A1A4A625F003D298F /* Build configuration list for PBXNativeTarget "InlineFunc" */ = {
			isa = XCConfigurationList;
			buildConfigurations = (
				687A0E9B1A4A625F003D298F /* Debug */,
				687A0E9C1A4A625F003D298F /* Release */,
			);
			defaultConfigurationIsVisible = 0;
		};
		687A0EA51A4A641A003D298F /* Build configuration list for PBXNativeTarget "Arguments" */ = {
			isa = XCConfigurationList;
			buildConfigurations = (
				687A0EA61A4A641A003D298F /* Debug */,
				687A0EA71A4A641A003D298F /* Release */,
			);
			defaultConfigurationIsVisible = 0;
		};
		687A0EB01A4A6E6C003D298F /* Build configuration list for PBXNativeTarget "List" */ = {
			isa = XCConfigurationList;
			buildConfigurations = (
				687A0EB11A4A6E6C003D298F /* Debug */,
				687A0EB21A4A6E6C003D298F /* Release */,
			);
			defaultConfigurationIsVisible = 0;
		};
		687A0EBB1A4A762C003D298F /* Build configuration list for PBXNativeTarget "VaList" */ = {
			isa = XCConfigurationList;
			buildConfigurations = (
				687A0EBC1A4A762C003D298F /* Debug */,
				687A0EBD1A4A762C003D298F /* Release */,
			);
			defaultConfigurationIsVisible = 0;
		};
		687A0EC61A4A771E003D298F /* Build configuration list for PBXNativeTarget "BTrees" */ = {
			isa = XCConfigurationList;
			buildConfigurations = (
				687A0EC71A4A771E003D298F /* Debug */,
				687A0EC81A4A771E003D298F /* Release */,
			);
			defaultConfigurationIsVisible = 0;
		};
		687A0ED11A4A7D7E003D298F /* Build configuration list for PBXNativeTarget "Inheritance" */ = {
			isa = XCConfigurationList;
			buildConfigurations = (
				687A0ED21A4A7D7E003D298F /* Debug */,
				687A0ED31A4A7D7E003D298F /* Release */,
			);
			defaultConfigurationIsVisible = 0;
		};
		687A0EDC1A4A8F36003D298F /* Build configuration list for PBXNativeTarget "InitLists" */ = {
			isa = XCConfigurationList;
			buildConfigurations = (
				687A0EDD1A4A8F36003D298F /* Debug */,
				687A0EDE1A4A8F36003D298F /* Release */,
			);
			defaultConfigurationIsVisible = 0;
		};
		687A0EE71A4A9054003D298F /* Build configuration list for PBXNativeTarget "Templates" */ = {
			isa = XCConfigurationList;
			buildConfigurations = (
				687A0EE81A4A9054003D298F /* Debug */,
				687A0EE91A4A9054003D298F /* Release */,
			);
			defaultConfigurationIsVisible = 0;
		};
		687A0EF21A4A971D003D298F /* Build configuration list for PBXNativeTarget "EnumType" */ = {
			isa = XCConfigurationList;
			buildConfigurations = (
				687A0EF31A4A971D003D298F /* Debug */,
				687A0EF41A4A971D003D298F /* Release */,
			);
			defaultConfigurationIsVisible = 0;
		};
		687A0EFD1A4A986C003D298F /* Build configuration list for PBXNativeTarget "Macros" */ = {
			isa = XCConfigurationList;
			buildConfigurations = (
				687A0EFE1A4A986C003D298F /* Debug */,
				687A0EFF1A4A986C003D298F /* Release */,
			);
			defaultConfigurationIsVisible = 0;
		};
		68AB82BD1A47C9EA00985D9D /* Build configuration list for PBXNativeTarget "CStrings" */ = {
			isa = XCConfigurationList;
			buildConfigurations = (
				68AB82BB1A47C9EA00985D9D /* Debug */,
				68AB82BC1A47C9EA00985D9D /* Release */,
			);
			defaultConfigurationIsVisible = 0;
			defaultConfigurationName = Release;
		};
		68E219821A4423DC009E83F1 /* Build configuration list for PBXNativeTarget "Variables" */ = {
			isa = XCConfigurationList;
			buildConfigurations = (
				68E219801A4423DC009E83F1 /* Debug */,
				68E219811A4423DC009E83F1 /* Release */,
			);
			defaultConfigurationIsVisible = 0;
			defaultConfigurationName = Release;
		};
		68E2198B1A44278A009E83F1 /* Build configuration list for PBXNativeTarget "IfState" */ = {
			isa = XCConfigurationList;
			buildConfigurations = (
				68E2198C1A44278A009E83F1 /* Debug */,
				68E2198D1A44278A009E83F1 /* Release */,
			);
			defaultConfigurationIsVisible = 0;
			defaultConfigurationName = Release;
		};
		68E219961A44287B009E83F1 /* Build configuration list for PBXNativeTarget "Loops" */ = {
			isa = XCConfigurationList;
			buildConfigurations = (
				68E219971A44287B009E83F1 /* Debug */,
				68E219981A44287B009E83F1 /* Release */,
			);
			defaultConfigurationIsVisible = 0;
			defaultConfigurationName = Release;
		};
		68E219A11A442BF9009E83F1 /* Build configuration list for PBXNativeTarget "Functions" */ = {
			isa = XCConfigurationList;
			buildConfigurations = (
				68E219A21A442BF9009E83F1 /* Debug */,
				68E219A31A442BF9009E83F1 /* Release */,
			);
			defaultConfigurationIsVisible = 0;
			defaultConfigurationName = Release;
		};
		68E219AC1A442E54009E83F1 /* Build configuration list for PBXNativeTarget "Pointer" */ = {
			isa = XCConfigurationList;
			buildConfigurations = (
				68E219AD1A442E54009E83F1 /* Debug */,
				68E219AE1A442E54009E83F1 /* Release */,
			);
			defaultConfigurationIsVisible = 0;
			defaultConfigurationName = Release;
		};
		68E219B71A442F0A009E83F1 /* Build configuration list for PBXNativeTarget "Structure" */ = {
			isa = XCConfigurationList;
			buildConfigurations = (
				68E219B81A442F0A009E83F1 /* Debug */,
				68E219B91A442F0A009E83F1 /* Release */,
			);
			defaultConfigurationIsVisible = 0;
			defaultConfigurationName = Release;
		};
		68E219C21A442FF0009E83F1 /* Build configuration list for PBXNativeTarget "Array" */ = {
			isa = XCConfigurationList;
			buildConfigurations = (
				68E219C31A442FF0009E83F1 /* Debug */,
				68E219C41A442FF0009E83F1 /* Release */,
			);
			defaultConfigurationIsVisible = 0;
			defaultConfigurationName = Release;
		};
		68EFD6361A42B37400C52656 /* Build configuration list for PBXProject "MLCppTutorial" */ = {
			isa = XCConfigurationList;
			buildConfigurations = (
				68EFD6401A42B37400C52656 /* Debug */,
				68EFD6411A42B37400C52656 /* Release */,
			);
			defaultConfigurationIsVisible = 0;
			defaultConfigurationName = Release;
		};
		68EFD6421A42B37400C52656 /* Build configuration list for PBXNativeTarget "MLCppTutorial" */ = {
			isa = XCConfigurationList;
			buildConfigurations = (
				68EFD6431A42B37400C52656 /* Debug */,
				68EFD6441A42B37400C52656 /* Release */,
			);
			defaultConfigurationIsVisible = 0;
			defaultConfigurationName = Release;
		};
/* End XCConfigurationList section */
	};
	rootObject = 68EFD6331A42B37400C52656 /* Project object */;
}
